
Microsoft Visual Studio Solution File, Format Version 12.00
# Visual Studio Version 17
VisualStudioVersion = 17.4.33213.308
MinimumVisualStudioVersion = 10.0.40219.1
Project("{FAE04EC0-301F-11D3-BF4B-00C04F79EFBC}") = "BookAPI", "BookAPI.csproj", "{5EC59864-733C-4D7E-85BB-62F31143554D}"
EndProject
Global
	GlobalSection(SolutionConfigurationPlatforms) = preSolution
		Debug|Any CPU = Debug|Any CPU
		Release|Any CPU = Release|Any CPU
	EndGlobalSection
	GlobalSection(ProjectConfigurationPlatforms) = postSolution
		{5EC59864-733C-4D7E-85BB-62F31143554D}.Debug|Any CPU.ActiveCfg = Debug|Any CPU
		{5EC59864-733C-4D7E-85BB-62F31143554D}.Debug|Any CPU.Build.0 = Debug|Any CPU
		{5EC59864-733C-4D7E-85BB-62F31143554D}.Release|Any CPU.ActiveCfg = Release|Any CPU
		{5EC59864-733C-4D7E-85BB-62F31143554D}.Release|Any CPU.Build.0 = Release|Any CPU
	EndGlobalSection
	GlobalSection(SolutionProperties) = preSolution
		HideSolutionNode = FALSE
	EndGlobalSection
	GlobalSection(ExtensibilityGlobals) = postSolution
		SolutionGuid = {14866CEE-82C2-4894-8300-2290C666285E}
	EndGlobalSection
EndGlobal
